
Microsoft Visual Studio Solution File, Format Version 12.00
# Visual Studio Version 17
VisualStudioVersion = 17.0.31903.59
MinimumVisualStudioVersion = 10.0.40219.1
Project("{FAE04EC0-301F-11D3-BF4B-00C04F79EFBC}") = "SecureApi", "SecureApi\SecureApi.csproj", "{490FAA17-6171-4508-AD70-FD52748EC13A}"
EndProject
Project("{FAE04EC0-301F-11D3-BF4B-00C04F79EFBC}") = "SecureCli", "SecureCli\SecureCli.csproj", "{E47A3CF2-5D8D-40B1-A1D1-D51B00F08569}"
EndProject
Global
	GlobalSection(SolutionConfigurationPlatforms) = preSolution
		Debug|Any CPU = Debug|Any CPU
		Release|Any CPU = Release|Any CPU
	EndGlobalSection
	GlobalSection(SolutionProperties) = preSolution
		HideSolutionNode = FALSE
	EndGlobalSection
	GlobalSection(ProjectConfigurationPlatforms) = postSolution
		{490FAA17-6171-4508-AD70-FD52748EC13A}.Debug|Any CPU.ActiveCfg = Debug|Any CPU
		{490FAA17-6171-4508-AD70-FD52748EC13A}.Debug|Any CPU.Build.0 = Debug|Any CPU
		{490FAA17-6171-4508-AD70-FD52748EC13A}.Release|Any CPU.ActiveCfg = Release|Any CPU
		{490FAA17-6171-4508-AD70-FD52748EC13A}.Release|Any CPU.Build.0 = Release|Any CPU
		{E47A3CF2-5D8D-40B1-A1D1-D51B00F08569}.Debug|Any CPU.ActiveCfg = Debug|Any CPU
		{E47A3CF2-5D8D-40B1-A1D1-D51B00F08569}.Debug|Any CPU.Build.0 = Debug|Any CPU
		{E47A3CF2-5D8D-40B1-A1D1-D51B00F08569}.Release|Any CPU.ActiveCfg = Release|Any CPU
		{E47A3CF2-5D8D-40B1-A1D1-D51B00F08569}.Release|Any CPU.Build.0 = Release|Any CPU
	EndGlobalSection
EndGlobal
